// !$*UTF8*$!
{
	archiveVersion = 1;
	classes = {
	};
	objectVersion = 55;
	objects = {

/* Begin PBXBuildFile section */
		7F026D7B2806017F00D549E8 /* AppDelegate.swift in Sources */ = {isa = PBXBuildFile; fileRef = 7F026D7A2806017F00D549E8 /* AppDelegate.swift */; };
		7F026D802806017F00D549E8 /* Main.storyboard in Resources */ = {isa = PBXBuildFile; fileRef = 7F026D7E2806017F00D549E8 /* Main.storyboard */; };
		7F026D832806017F00D549E8 /* Ott_AppleTv.xcdatamodeld in Sources */ = {isa = PBXBuildFile; fileRef = 7F026D812806017F00D549E8 /* Ott_AppleTv.xcdatamodeld */; };
		7F026D852806018000D549E8 /* Assets.xcassets in Resources */ = {isa = PBXBuildFile; fileRef = 7F026D842806018000D549E8 /* Assets.xcassets */; };
		7F026D882806018000D549E8 /* LaunchScreen.storyboard in Resources */ = {isa = PBXBuildFile; fileRef = 7F026D862806018000D549E8 /* LaunchScreen.storyboard */; };
		7F0501892839286B00A4A2C8 /* HomeModel.swift in Sources */ = {isa = PBXBuildFile; fileRef = 7F0501882839286B00A4A2C8 /* HomeModel.swift */; };
		7F05018B283933E100A4A2C8 /* Controllers.swift in Sources */ = {isa = PBXBuildFile; fileRef = 7F05018A283933E100A4A2C8 /* Controllers.swift */; };
		7F05018D2839354B00A4A2C8 /* MenuView.swift in Sources */ = {isa = PBXBuildFile; fileRef = 7F05018C2839354B00A4A2C8 /* MenuView.swift */; };
		7F05018F2839356000A4A2C8 /* MenuView.xib in Resources */ = {isa = PBXBuildFile; fileRef = 7F05018E2839356000A4A2C8 /* MenuView.xib */; };
		7F050194283939B300A4A2C8 /* MenuCollectionViewCell.swift in Sources */ = {isa = PBXBuildFile; fileRef = 7F050192283939B300A4A2C8 /* MenuCollectionViewCell.swift */; };
		7F050195283939B300A4A2C8 /* MenuCollectionViewCell.xib in Resources */ = {isa = PBXBuildFile; fileRef = 7F050193283939B300A4A2C8 /* MenuCollectionViewCell.xib */; };
		7F75A2D02838CA79006290F2 /* Urlhandler.swift in Sources */ = {isa = PBXBuildFile; fileRef = 7F75A2CF2838CA79006290F2 /* Urlhandler.swift */; };
		7F75A2D42838D808006290F2 /* AppData.swift in Sources */ = {isa = PBXBuildFile; fileRef = 7F75A2D32838D808006290F2 /* AppData.swift */; };
		7F75A2D62838D865006290F2 /* MenuModel.swift in Sources */ = {isa = PBXBuildFile; fileRef = 7F75A2D52838D865006290F2 /* MenuModel.swift */; };
		7F7C6EED280832D400FD29EC /* NetworkAdaptor.swift in Sources */ = {isa = PBXBuildFile; fileRef = 7F7C6EEC280832D400FD29EC /* NetworkAdaptor.swift */; };
		7F7C6EF1280837CB00FD29EC /* SplashViewController.swift in Sources */ = {isa = PBXBuildFile; fileRef = 7F7C6EF0280837CB00FD29EC /* SplashViewController.swift */; };
		7F7C6EF3280837DB00FD29EC /* SplashViewModel.swift in Sources */ = {isa = PBXBuildFile; fileRef = 7F7C6EF2280837DB00FD29EC /* SplashViewModel.swift */; };
		7F7C6EF5280837EA00FD29EC /* SplashView.swift in Sources */ = {isa = PBXBuildFile; fileRef = 7F7C6EF4280837EA00FD29EC /* SplashView.swift */; };
		7F7C6EF82808384E00FD29EC /* BaseViewModel.swift in Sources */ = {isa = PBXBuildFile; fileRef = 7F7C6EF72808384E00FD29EC /* BaseViewModel.swift */; };
		7F95A76C2836BC3800A6036D /* RootViewController.swift in Sources */ = {isa = PBXBuildFile; fileRef = 7F95A76B2836BC3800A6036D /* RootViewController.swift */; };
		7FA7ABC12806BB3B009DC344 /* HomeViewController.swift in Sources */ = {isa = PBXBuildFile; fileRef = 7FA7ABBF2806BB3B009DC344 /* HomeViewController.swift */; };
		7FA7ABC22806BB3B009DC344 /* HomeViewController.xib in Resources */ = {isa = PBXBuildFile; fileRef = 7FA7ABC02806BB3B009DC344 /* HomeViewController.xib */; };
/* End PBXBuildFile section */

/* Begin PBXFileReference section */
		7F026D772806017F00D549E8 /* Ott AppleTv.app */ = {isa = PBXFileReference; explicitFileType = wrapper.application; includeInIndex = 0; path = "Ott AppleTv.app"; sourceTree = BUILT_PRODUCTS_DIR; };
		7F026D7A2806017F00D549E8 /* AppDelegate.swift */ = {isa = PBXFileReference; lastKnownFileType = sourcecode.swift; path = AppDelegate.swift; sourceTree = "<group>"; };
		7F026D7F2806017F00D549E8 /* Base */ = {isa = PBXFileReference; lastKnownFileType = file.storyboard; name = Base; path = Base.lproj/Main.storyboard; sourceTree = "<group>"; };
		7F026D822806017F00D549E8 /* Ott_AppleTv.xcdatamodel */ = {isa = PBXFileReference; lastKnownFileType = wrapper.xcdatamodel; path = Ott_AppleTv.xcdatamodel; sourceTree = "<group>"; };
		7F026D842806018000D549E8 /* Assets.xcassets */ = {isa = PBXFileReference; lastKnownFileType = folder.assetcatalog; path = Assets.xcassets; sourceTree = "<group>"; };
		7F026D872806018000D549E8 /* Base */ = {isa = PBXFileReference; lastKnownFileType = file.storyboard; name = Base; path = Base.lproj/LaunchScreen.storyboard; sourceTree = "<group>"; };
		7F0501882839286B00A4A2C8 /* HomeModel.swift */ = {isa = PBXFileReference; lastKnownFileType = sourcecode.swift; path = HomeModel.swift; sourceTree = "<group>"; };
		7F05018A283933E100A4A2C8 /* Controllers.swift */ = {isa = PBXFileReference; fileEncoding = 4; lastKnownFileType = sourcecode.swift; path = Controllers.swift; sourceTree = "<group>"; };
		7F05018C2839354B00A4A2C8 /* MenuView.swift */ = {isa = PBXFileReference; lastKnownFileType = sourcecode.swift; path = MenuView.swift; sourceTree = "<group>"; };
		7F05018E2839356000A4A2C8 /* MenuView.xib */ = {isa = PBXFileReference; lastKnownFileType = file.xib; path = MenuView.xib; sourceTree = "<group>"; };
		7F050192283939B300A4A2C8 /* MenuCollectionViewCell.swift */ = {isa = PBXFileReference; lastKnownFileType = sourcecode.swift; path = MenuCollectionViewCell.swift; sourceTree = "<group>"; };
		7F050193283939B300A4A2C8 /* MenuCollectionViewCell.xib */ = {isa = PBXFileReference; lastKnownFileType = file.xib; path = MenuCollectionViewCell.xib; sourceTree = "<group>"; };
		7F75A2CF2838CA79006290F2 /* Urlhandler.swift */ = {isa = PBXFileReference; fileEncoding = 4; lastKnownFileType = sourcecode.swift; path = Urlhandler.swift; sourceTree = "<group>"; };
		7F75A2D32838D808006290F2 /* AppData.swift */ = {isa = PBXFileReference; lastKnownFileType = sourcecode.swift; path = AppData.swift; sourceTree = "<group>"; };
		7F75A2D52838D865006290F2 /* MenuModel.swift */ = {isa = PBXFileReference; lastKnownFileType = sourcecode.swift; path = MenuModel.swift; sourceTree = "<group>"; };
		7F7C6EEC280832D400FD29EC /* NetworkAdaptor.swift */ = {isa = PBXFileReference; fileEncoding = 4; lastKnownFileType = sourcecode.swift; path = NetworkAdaptor.swift; sourceTree = "<group>"; };
		7F7C6EF0280837CB00FD29EC /* SplashViewController.swift */ = {isa = PBXFileReference; lastKnownFileType = sourcecode.swift; path = SplashViewController.swift; sourceTree = "<group>"; };
		7F7C6EF2280837DB00FD29EC /* SplashViewModel.swift */ = {isa = PBXFileReference; lastKnownFileType = sourcecode.swift; path = SplashViewModel.swift; sourceTree = "<group>"; };
		7F7C6EF4280837EA00FD29EC /* SplashView.swift */ = {isa = PBXFileReference; lastKnownFileType = sourcecode.swift; path = SplashView.swift; sourceTree = "<group>"; };
		7F7C6EF72808384E00FD29EC /* BaseViewModel.swift */ = {isa = PBXFileReference; lastKnownFileType = sourcecode.swift; path = BaseViewModel.swift; sourceTree = "<group>"; };
		7F95A76B2836BC3800A6036D /* RootViewController.swift */ = {isa = PBXFileReference; lastKnownFileType = sourcecode.swift; path = RootViewController.swift; sourceTree = "<group>"; };
		7FA7ABBF2806BB3B009DC344 /* HomeViewController.swift */ = {isa = PBXFileReference; lastKnownFileType = sourcecode.swift; path = HomeViewController.swift; sourceTree = "<group>"; };
		7FA7ABC02806BB3B009DC344 /* HomeViewController.xib */ = {isa = PBXFileReference; lastKnownFileType = file.xib; path = HomeViewController.xib; sourceTree = "<group>"; };
/* End PBXFileReference section */

/* Begin PBXFrameworksBuildPhase section */
		7F026D742806017F00D549E8 /* Frameworks */ = {
			isa = PBXFrameworksBuildPhase;
			buildActionMask = 2147483647;
			files = (
			);
			runOnlyForDeploymentPostprocessing = 0;
		};
/* End PBXFrameworksBuildPhase section */

/* Begin PBXGroup section */
		7F026D6E2806017F00D549E8 = {
			isa = PBXGroup;
			children = (
				7F026D792806017F00D549E8 /* Ott AppleTv */,
				7F026D782806017F00D549E8 /* Products */,
			);
			sourceTree = "<group>";
		};
		7F026D782806017F00D549E8 /* Products */ = {
			isa = PBXGroup;
			children = (
				7F026D772806017F00D549E8 /* Ott AppleTv.app */,
			);
			name = Products;
			sourceTree = "<group>";
		};
		7F026D792806017F00D549E8 /* Ott AppleTv */ = {
			isa = PBXGroup;
			children = (
				7F026D7A2806017F00D549E8 /* AppDelegate.swift */,
				7F75A2CF2838CA79006290F2 /* Urlhandler.swift */,
				7F75A2D32838D808006290F2 /* AppData.swift */,
				7F75A2D52838D865006290F2 /* MenuModel.swift */,
				7F0501882839286B00A4A2C8 /* HomeModel.swift */,
				7F05018A283933E100A4A2C8 /* Controllers.swift */,
				7F7C6EEE2808378200FD29EC /* NetworkAdaptor */,
				7F95A76B2836BC3800A6036D /* RootViewController.swift */,
				7F0501912839399E00A4A2C8 /* MenuCell */,
				7F0501902839367D00A4A2C8 /* MenuView */,
				7F7C6EF62808384100FD29EC /* Base */,
				7F7C6EEF280837BD00FD29EC /* Splash */,
				7FA7ABC72806BB4C009DC344 /* Home */,
				7F026D7E2806017F00D549E8 /* Main.storyboard */,
				7F026D842806018000D549E8 /* Assets.xcassets */,
				7F026D862806018000D549E8 /* LaunchScreen.storyboard */,
				7F026D812806017F00D549E8 /* Ott_AppleTv.xcdatamodeld */,
			);
			path = "Ott AppleTv";
			sourceTree = "<group>";
		};
		7F0501902839367D00A4A2C8 /* MenuView */ = {
			isa = PBXGroup;
			children = (
				7F05018C2839354B00A4A2C8 /* MenuView.swift */,
				7F05018E2839356000A4A2C8 /* MenuView.xib */,
			);
			path = MenuView;
			sourceTree = "<group>";
		};
		7F0501912839399E00A4A2C8 /* MenuCell */ = {
			isa = PBXGroup;
			children = (
				7F050192283939B300A4A2C8 /* MenuCollectionViewCell.swift */,
				7F050193283939B300A4A2C8 /* MenuCollectionViewCell.xib */,
			);
			path = MenuCell;
			sourceTree = "<group>";
		};
		7F7C6EEE2808378200FD29EC /* NetworkAdaptor */ = {
			isa = PBXGroup;
			children = (
				7F7C6EEC280832D400FD29EC /* NetworkAdaptor.swift */,
			);
			path = NetworkAdaptor;
			sourceTree = "<group>";
		};
		7F7C6EEF280837BD00FD29EC /* Splash */ = {
			isa = PBXGroup;
			children = (
				7F7C6EF0280837CB00FD29EC /* SplashViewController.swift */,
				7F7C6EF2280837DB00FD29EC /* SplashViewModel.swift */,
				7F7C6EF4280837EA00FD29EC /* SplashView.swift */,
			);
			path = Splash;
			sourceTree = "<group>";
		};
		7F7C6EF62808384100FD29EC /* Base */ = {
			isa = PBXGroup;
			children = (
				7F7C6EF72808384E00FD29EC /* BaseViewModel.swift */,
			);
			path = Base;
			sourceTree = "<group>";
		};
		7FA7ABC72806BB4C009DC344 /* Home */ = {
			isa = PBXGroup;
			children = (
				7FA7ABBF2806BB3B009DC344 /* HomeViewController.swift */,
				7FA7ABC02806BB3B009DC344 /* HomeViewController.xib */,
			);
			path = Home;
			sourceTree = "<group>";
		};
/* End PBXGroup section */

/* Begin PBXNativeTarget section */
		7F026D762806017F00D549E8 /* Ott AppleTv */ = {
			isa = PBXNativeTarget;
			buildConfigurationList = 7F026D8B2806018000D549E8 /* Build configuration list for PBXNativeTarget "Ott AppleTv" */;
			buildPhases = (
				7F026D732806017F00D549E8 /* Sources */,
				7F026D742806017F00D549E8 /* Frameworks */,
				7F026D752806017F00D549E8 /* Resources */,
			);
			buildRules = (
			);
			dependencies = (
			);
			name = "Ott AppleTv";
			productName = "Ott AppleTv";
			productReference = 7F026D772806017F00D549E8 /* Ott AppleTv.app */;
			productType = "com.apple.product-type.application";
		};
/* End PBXNativeTarget section */

/* Begin PBXProject section */
		7F026D6F2806017F00D549E8 /* Project object */ = {
			isa = PBXProject;
			attributes = {
				BuildIndependentTargetsInParallel = 1;
				LastSwiftUpdateCheck = 1330;
				LastUpgradeCheck = 1330;
				TargetAttributes = {
					7F026D762806017F00D549E8 = {
						CreatedOnToolsVersion = 13.3;
					};
				};
			};
			buildConfigurationList = 7F026D722806017F00D549E8 /* Build configuration list for PBXProject "Ott AppleTv" */;
			compatibilityVersion = "Xcode 13.0";
			developmentRegion = en;
			hasScannedForEncodings = 0;
			knownRegions = (
				en,
				Base,
			);
			mainGroup = 7F026D6E2806017F00D549E8;
			productRefGroup = 7F026D782806017F00D549E8 /* Products */;
			projectDirPath = "";
			projectRoot = "";
			targets = (
				7F026D762806017F00D549E8 /* Ott AppleTv */,
			);
		};
/* End PBXProject section */

/* Begin PBXResourcesBuildPhase section */
		7F026D752806017F00D549E8 /* Resources */ = {
			isa = PBXResourcesBuildPhase;
			buildActionMask = 2147483647;
			files = (
				7F050195283939B300A4A2C8 /* MenuCollectionViewCell.xib in Resources */,
				7F026D882806018000D549E8 /* LaunchScreen.storyboard in Resources */,
				7F05018F2839356000A4A2C8 /* MenuView.xib in Resources */,
				7F026D852806018000D549E8 /* Assets.xcassets in Resources */,
				7F026D802806017F00D549E8 /* Main.storyboard in Resources */,
				7FA7ABC22806BB3B009DC344 /* HomeViewController.xib in Resources */,
			);
			runOnlyForDeploymentPostprocessing = 0;
		};
/* End PBXResourcesBuildPhase section */

/* Begin PBXSourcesBuildPhase section */
		7F026D732806017F00D549E8 /* Sources */ = {
			isa = PBXSourcesBuildPhase;
			buildActionMask = 2147483647;
			files = (
				7F7C6EED280832D400FD29EC /* NetworkAdaptor.swift in Sources */,
				7F05018B283933E100A4A2C8 /* Controllers.swift in Sources */,
				7F7C6EF82808384E00FD29EC /* BaseViewModel.swift in Sources */,
				7F75A2D62838D865006290F2 /* MenuModel.swift in Sources */,
				7F95A76C2836BC3800A6036D /* RootViewController.swift in Sources */,
				7F75A2D02838CA79006290F2 /* Urlhandler.swift in Sources */,
				7F026D832806017F00D549E8 /* Ott_AppleTv.xcdatamodeld in Sources */,
				7F026D7B2806017F00D549E8 /* AppDelegate.swift in Sources */,
				7F050194283939B300A4A2C8 /* MenuCollectionViewCell.swift in Sources */,
				7F05018D2839354B00A4A2C8 /* MenuView.swift in Sources */,
				7F7C6EF1280837CB00FD29EC /* SplashViewController.swift in Sources */,
				7FA7ABC12806BB3B009DC344 /* HomeViewController.swift in Sources */,
				7F0501892839286B00A4A2C8 /* HomeModel.swift in Sources */,
				7F7C6EF3280837DB00FD29EC /* SplashViewModel.swift in Sources */,
				7F7C6EF5280837EA00FD29EC /* SplashView.swift in Sources */,
				7F75A2D42838D808006290F2 /* AppData.swift in Sources */,
			);
			runOnlyForDeploymentPostprocessing = 0;
		};
/* End PBXSourcesBuildPhase section */

/* Begin PBXVariantGroup section */
		7F026D7E2806017F00D549E8 /* Main.storyboard */ = {
			isa = PBXVariantGroup;
			children = (
				7F026D7F2806017F00D549E8 /* Base */,
			);
			name = Main.storyboard;
			sourceTree = "<group>";
		};
		7F026D862806018000D549E8 /* LaunchScreen.storyboard */ = {
			isa = PBXVariantGroup;
			children = (
				7F026D872806018000D549E8 /* Base */,
			);
			name = LaunchScreen.storyboard;
			sourceTree = "<group>";
		};
/* End PBXVariantGroup section */

/* Begin XCBuildConfiguration section */
		7F026D892806018000D549E8 /* Debug */ = {
			isa = XCBuildConfiguration;
			buildSettings = {
				ALWAYS_SEARCH_USER_PATHS = NO;
				CLANG_ANALYZER_NONNULL = YES;
				CLANG_ANALYZER_NUMBER_OBJECT_CONVERSION = YES_AGGRESSIVE;
				CLANG_CXX_LANGUAGE_STANDARD = "gnu++17";
				CLANG_ENABLE_MODULES = YES;
				CLANG_ENABLE_OBJC_ARC = YES;
				CLANG_ENABLE_OBJC_WEAK = YES;
				CLANG_WARN_BLOCK_CAPTURE_AUTORELEASING = YES;
				CLANG_WARN_BOOL_CONVERSION = YES;
				CLANG_WARN_COMMA = YES;
				CLANG_WARN_CONSTANT_CONVERSION = YES;
				CLANG_WARN_DEPRECATED_OBJC_IMPLEMENTATIONS = YES;
				CLANG_WARN_DIRECT_OBJC_ISA_USAGE = YES_ERROR;
				CLANG_WARN_DOCUMENTATION_COMMENTS = YES;
				CLANG_WARN_EMPTY_BODY = YES;
				CLANG_WARN_ENUM_CONVERSION = YES;
				CLANG_WARN_INFINITE_RECURSION = YES;
				CLANG_WARN_INT_CONVERSION = YES;
				CLANG_WARN_NON_LITERAL_NULL_CONVERSION = YES;
				CLANG_WARN_OBJC_IMPLICIT_RETAIN_SELF = YES;
				CLANG_WARN_OBJC_LITERAL_CONVERSION = YES;
				CLANG_WARN_OBJC_ROOT_CLASS = YES_ERROR;
				CLANG_WARN_QUOTED_INCLUDE_IN_FRAMEWORK_HEADER = YES;
				CLANG_WARN_RANGE_LOOP_ANALYSIS = YES;
				CLANG_WARN_STRICT_PROTOTYPES = YES;
				CLANG_WARN_SUSPICIOUS_MOVE = YES;
				CLANG_WARN_UNGUARDED_AVAILABILITY = YES_AGGRESSIVE;
				CLANG_WARN_UNREACHABLE_CODE = YES;
				CLANG_WARN__DUPLICATE_METHOD_MATCH = YES;
				COPY_PHASE_STRIP = NO;
				DEBUG_INFORMATION_FORMAT = dwarf;
				ENABLE_STRICT_OBJC_MSGSEND = YES;
				ENABLE_TESTABILITY = YES;
				GCC_C_LANGUAGE_STANDARD = gnu11;
				GCC_DYNAMIC_NO_PIC = NO;
				GCC_NO_COMMON_BLOCKS = YES;
				GCC_OPTIMIZATION_LEVEL = 0;
				GCC_PREPROCESSOR_DEFINITIONS = (
					"DEBUG=1",
					"$(inherited)",
				);
				GCC_WARN_64_TO_32_BIT_CONVERSION = YES;
				GCC_WARN_ABOUT_RETURN_TYPE = YES_ERROR;
				GCC_WARN_UNDECLARED_SELECTOR = YES;
				GCC_WARN_UNINITIALIZED_AUTOS = YES_AGGRESSIVE;
				GCC_WARN_UNUSED_FUNCTION = YES;
				GCC_WARN_UNUSED_VARIABLE = YES;
				MTL_ENABLE_DEBUG_INFO = INCLUDE_SOURCE;
				MTL_FAST_MATH = YES;
				ONLY_ACTIVE_ARCH = YES;
				SDKROOT = appletvos;
				SWIFT_ACTIVE_COMPILATION_CONDITIONS = DEBUG;
				SWIFT_OPTIMIZATION_LEVEL = "-Onone";
				TVOS_DEPLOYMENT_TARGET = 15.4;
			};
			name = Debug;
		};
		7F026D8A2806018000D549E8 /* Release */ = {
			isa = XCBuildConfiguration;
			buildSettings = {
				ALWAYS_SEARCH_USER_PATHS = NO;
				CLANG_ANALYZER_NONNULL = YES;
				CLANG_ANALYZER_NUMBER_OBJECT_CONVERSION = YES_AGGRESSIVE;
				CLANG_CXX_LANGUAGE_STANDARD = "gnu++17";
				CLANG_ENABLE_MODULES = YES;
				CLANG_ENABLE_OBJC_ARC = YES;
				CLANG_ENABLE_OBJC_WEAK = YES;
				CLANG_WARN_BLOCK_CAPTURE_AUTORELEASING = YES;
				CLANG_WARN_BOOL_CONVERSION = YES;
				CLANG_WARN_COMMA = YES;
				CLANG_WARN_CONSTANT_CONVERSION = YES;
				CLANG_WARN_DEPRECATED_OBJC_IMPLEMENTATIONS = YES;
				CLANG_WARN_DIRECT_OBJC_ISA_USAGE = YES_ERROR;
				CLANG_WARN_DOCUMENTATION_COMMENTS = YES;
				CLANG_WARN_EMPTY_BODY = YES;
				CLANG_WARN_ENUM_CONVERSION = YES;
				CLANG_WARN_INFINITE_RECURSION = YES;
				CLANG_WARN_INT_CONVERSION = YES;
				CLANG_WARN_NON_LITERAL_NULL_CONVERSION = YES;
				CLANG_WARN_OBJC_IMPLICIT_RETAIN_SELF = YES;
				CLANG_WARN_OBJC_LITERAL_CONVERSION = YES;
				CLANG_WARN_OBJC_ROOT_CLASS = YES_ERROR;
				CLANG_WARN_QUOTED_INCLUDE_IN_FRAMEWORK_HEADER = YES;
				CLANG_WARN_RANGE_LOOP_ANALYSIS = YES;
				CLANG_WARN_STRICT_PROTOTYPES = YES;
				CLANG_WARN_SUSPICIOUS_MOVE = YES;
				CLANG_WARN_UNGUARDED_AVAILABILITY = YES_AGGRESSIVE;
				CLANG_WARN_UNREACHABLE_CODE = YES;
				CLANG_WARN__DUPLICATE_METHOD_MATCH = YES;
				COPY_PHASE_STRIP = NO;
				DEBUG_INFORMATION_FORMAT = "dwarf-with-dsym";
				ENABLE_NS_ASSERTIONS = NO;
				ENABLE_STRICT_OBJC_MSGSEND = YES;
				GCC_C_LANGUAGE_STANDARD = gnu11;
				GCC_NO_COMMON_BLOCKS = YES;
				GCC_WARN_64_TO_32_BIT_CONVERSION = YES;
				GCC_WARN_ABOUT_RETURN_TYPE = YES_ERROR;
				GCC_WARN_UNDECLARED_SELECTOR = YES;
				GCC_WARN_UNINITIALIZED_AUTOS = YES_AGGRESSIVE;
				GCC_WARN_UNUSED_FUNCTION = YES;
				GCC_WARN_UNUSED_VARIABLE = YES;
				MTL_ENABLE_DEBUG_INFO = NO;
				MTL_FAST_MATH = YES;
				SDKROOT = appletvos;
				SWIFT_COMPILATION_MODE = wholemodule;
				SWIFT_OPTIMIZATION_LEVEL = "-O";
				TVOS_DEPLOYMENT_TARGET = 15.4;
				VALIDATE_PRODUCT = YES;
			};
			name = Release;
		};
		7F026D8C2806018000D549E8 /* Debug */ = {
			isa = XCBuildConfiguration;
			buildSettings = {
				ASSETCATALOG_COMPILER_APPICON_NAME = "App Icon & Top Shelf Image";
				ASSETCATALOG_COMPILER_GLOBAL_ACCENT_COLOR_NAME = AccentColor;
				CODE_SIGN_STYLE = Automatic;
				CURRENT_PROJECT_VERSION = 1;
				DEVELOPMENT_TEAM = L2Z5JFXQ85;
				GENERATE_INFOPLIST_FILE = YES;
				INFOPLIST_KEY_UILaunchStoryboardName = LaunchScreen;
				INFOPLIST_KEY_UIMainStoryboardFile = Main;
				INFOPLIST_KEY_UIUserInterfaceStyle = Automatic;
				LD_RUNPATH_SEARCH_PATHS = (
					"$(inherited)",
					"@executable_path/Frameworks",
				);
				MARKETING_VERSION = 1.0;
				PRODUCT_BUNDLE_IDENTIFIER = "com.saikiran.panuganti.Ott-AppleTv";
				PRODUCT_NAME = "$(TARGET_NAME)";
				SWIFT_EMIT_LOC_STRINGS = YES;
				SWIFT_VERSION = 5.0;
				TARGETED_DEVICE_FAMILY = 3;
			};
			name = Debug;
		};
		7F026D8D2806018000D549E8 /* Release */ = {
			isa = XCBuildConfiguration;
			buildSettings = {
				ASSETCATALOG_COMPILER_APPICON_NAME = "App Icon & Top Shelf Image";
				ASSETCATALOG_COMPILER_GLOBAL_ACCENT_COLOR_NAME = AccentColor;
				CODE_SIGN_STYLE = Automatic;
				CURRENT_PROJECT_VERSION = 1;
				DEVELOPMENT_TEAM = L2Z5JFXQ85;
				GENERATE_INFOPLIST_FILE = YES;
				INFOPLIST_KEY_UILaunchStoryboardName = LaunchScreen;
				INFOPLIST_KEY_UIMainStoryboardFile = Main;
				INFOPLIST_KEY_UIUserInterfaceStyle = Automatic;
				LD_RUNPATH_SEARCH_PATHS = (
					"$(inherited)",
					"@executable_path/Frameworks",
				);
				MARKETING_VERSION = 1.0;
				PRODUCT_BUNDLE_IDENTIFIER = "com.saikiran.panuganti.Ott-AppleTv";
				PRODUCT_NAME = "$(TARGET_NAME)";
				SWIFT_EMIT_LOC_STRINGS = YES;
				SWIFT_VERSION = 5.0;
				TARGETED_DEVICE_FAMILY = 3;
			};
			name = Release;
		};
/* End XCBuildConfiguration section */

/* Begin XCConfigurationList section */
		7F026D722806017F00D549E8 /* Build configuration list for PBXProject "Ott AppleTv" */ = {
			isa = XCConfigurationList;
			buildConfigurations = (
				7F026D892806018000D549E8 /* Debug */,
				7F026D8A2806018000D549E8 /* Release */,
			);
			defaultConfigurationIsVisible = 0;
			defaultConfigurationName = Release;
		};
		7F026D8B2806018000D549E8 /* Build configuration list for PBXNativeTarget "Ott AppleTv" */ = {
			isa = XCConfigurationList;
			buildConfigurations = (
				7F026D8C2806018000D549E8 /* Debug */,
				7F026D8D2806018000D549E8 /* Release */,
			);
			defaultConfigurationIsVisible = 0;
			defaultConfigurationName = Release;
		};
/* End XCConfigurationList section */

/* Begin XCVersionGroup section */
		7F026D812806017F00D549E8 /* Ott_AppleTv.xcdatamodeld */ = {
			isa = XCVersionGroup;
			children = (
				7F026D822806017F00D549E8 /* Ott_AppleTv.xcdatamodel */,
			);
			currentVersion = 7F026D822806017F00D549E8 /* Ott_AppleTv.xcdatamodel */;
			path = Ott_AppleTv.xcdatamodeld;
			sourceTree = "<group>";
			versionGroupType = wrapper.xcdatamodel;
		};
/* End XCVersionGroup section */
	};
	rootObject = 7F026D6F2806017F00D549E8 /* Project object */;
}
