PODS:
  - SDWebImage (5.12.5):
    - SDWebImage/Core (= 5.12.5)
  - SDWebImage/Core (5.12.5)
  - SkeletonView (1.29.2)

DEPENDENCIES:
  - SDWebImage (~> 5.0)
  - SkeletonView (~> 1.29.2)

SPEC REPOS:
  trunk:
    - SDWebImage
    - SkeletonView

SPEC CHECKSUMS:
  SDWebImage: 0905f1b7760fc8ac4198cae0036600d67478751e
  SkeletonView: 915a80ecc2b6421ab7ac0f0212321c0cc1406472

PODFILE CHECKSUM: 40ab0380078e036cc229c5d569b31a5ab1da8916

COCOAPODS: 1.11.3
